// !$*UTF8*$!
{
	archiveVersion = 1;
	classes = {
	};
	objectVersion = 46;
	objects = {

/* Begin PBXBuildFile section */
		911A3A931C8D67B200FF9DE5 /* main.m in Sources */ = {isa = PBXBuildFile; fileRef = 911A3A921C8D67B200FF9DE5 /* main.m */; };
		911A3A9A1C8D67C200FF9DE5 /* AudioToolbox.framework in Frameworks */ = {isa = PBXBuildFile; fileRef = 911A3A991C8D67C200FF9DE5 /* AudioToolbox.framework */; };
/* End PBXBuildFile section */

/* Begin PBXCopyFilesBuildPhase section */
		911A3A8D1C8D67B100FF9DE5 /* CopyFiles */ = {
			isa = PBXCopyFilesBuildPhase;
			buildActionMask = 2147483647;
			dstPath = /usr/share/man/man1/;
			dstSubfolderSpec = 0;
			files = (
			);
			runOnlyForDeploymentPostprocessing = 1;
		};
/* End PBXCopyFilesBuildPhase section */

/* Begin PBXFileReference section */
		911A3A8F1C8D67B100FF9DE5 /* CARecorder */ = {isa = PBXFileReference; explicitFileType = "compiled.mach-o.executable"; includeInIndex = 0; path = CARecorder; sourceTree = BUILT_PRODUCTS_DIR; };
		911A3A921C8D67B200FF9DE5 /* main.m */ = {isa = PBXFileReference; lastKnownFileType = sourcecode.c.objc; path = main.m; sourceTree = "<group>"; };
		911A3A991C8D67C200FF9DE5 /* AudioToolbox.framework */ = {isa = PBXFileReference; lastKnownFileType = wrapper.framework; name = AudioToolbox.framework; path = System/Library/Frameworks/AudioToolbox.framework; sourceTree = SDKROOT; };
/* End PBXFileReference section */

/* Begin PBXFrameworksBuildPhase section */
		911A3A8C1C8D67B100FF9DE5 /* Frameworks */ = {
			isa = PBXFrameworksBuildPhase;
			buildActionMask = 2147483647;
			files = (
				911A3A9A1C8D67C200FF9DE5 /* AudioToolbox.framework in Frameworks */,
			);
			runOnlyForDeploymentPostprocessing = 0;
		};
/* End PBXFrameworksBuildPhase section */

/* Begin PBXGroup section */
		911A3A861C8D67B100FF9DE5 = {
			isa = PBXGroup;
			children = (
				911A3A991C8D67C200FF9DE5 /* AudioToolbox.framework */,
				911A3A911C8D67B100FF9DE5 /* CARecorder */,
				911A3A901C8D67B100FF9DE5 /* Products */,
			);
			sourceTree = "<group>";
		};
		911A3A901C8D67B100FF9DE5 /* Products */ = {
			isa = PBXGroup;
			children = (
				911A3A8F1C8D67B100FF9DE5 /* CARecorder */,
			);
			name = Products;
			sourceTree = "<group>";
		};
		911A3A911C8D67B100FF9DE5 /* CARecorder */ = {
			isa = PBXGroup;
			children = (
				911A3A921C8D67B200FF9DE5 /* main.m */,
			);
			path = CARecorder;
			sourceTree = "<group>";
		};
/* End PBXGroup section */

/* Begin PBXNativeTarget section */
		911A3A8E1C8D67B100FF9DE5 /* CARecorder */ = {
			isa = PBXNativeTarget;
			buildConfigurationList = 911A3A961C8D67B200FF9DE5 /* Build configuration list for PBXNativeTarget "CARecorder" */;
			buildPhases = (
				911A3A8B1C8D67B100FF9DE5 /* Sources */,
				911A3A8C1C8D67B100FF9DE5 /* Frameworks */,
				911A3A8D1C8D67B100FF9DE5 /* CopyFiles */,
			);
			buildRules = (
			);
			dependencies = (
			);
			name = CARecorder;
			productName = CARecorder;
			productReference = 911A3A8F1C8D67B100FF9DE5 /* CARecorder */;
			productType = "com.apple.product-type.tool";
		};
/* End PBXNativeTarget section */

/* Begin PBXProject section */
		911A3A871C8D67B100FF9DE5 /* Project object */ = {
			isa = PBXProject;
			attributes = {
				LastUpgradeCheck = 0720;
				ORGANIZATIONNAME = "Moses Lee";
				TargetAttributes = {
					911A3A8E1C8D67B100FF9DE5 = {
						CreatedOnToolsVersion = 7.2.1;
					};
				};
			};
			buildConfigurationList = 911A3A8A1C8D67B100FF9DE5 /* Build configuration list for PBXProject "CARecorder" */;
			compatibilityVersion = "Xcode 3.2";
			developmentRegion = English;
			hasScannedForEncodings = 0;
			knownRegions = (
				en,
			);
			mainGroup = 911A3A861C8D67B100FF9DE5;
			productRefGroup = 911A3A901C8D67B100FF9DE5 /* Products */;
			projectDirPath = "";
			projectRoot = "";
			targets = (
				911A3A8E1C8D67B100FF9DE5 /* CARecorder */,
			);
		};
/* End PBXProject section */

/* Begin PBXSourcesBuildPhase section */
		911A3A8B1C8D67B100FF9DE5 /* Sources */ = {
			isa = PBXSourcesBuildPhase;
			buildActionMask = 2147483647;
			files = (
				911A3A931C8D67B200FF9DE5 /* main.m in Sources */,
			);
			runOnlyForDeploymentPostprocessing = 0;
		};
/* End PBXSourcesBuildPhase section */

/* Begin XCBuildConfiguration section */
		911A3A941C8D67B200FF9DE5 /* Debug */ = {
			isa = XCBuildConfiguration;
			buildSettings = {
				ALWAYS_SEARCH_USER_PATHS = NO;
				CLANG_CXX_LANGUAGE_STANDARD = "gnu++0x";
				CLANG_CXX_LIBRARY = "libc++";
				CLANG_ENABLE_MODULES = YES;
				CLANG_ENABLE_OBJC_ARC = YES;
				CLANG_WARN_BOOL_CONVERSION = YES;
				CLANG_WARN_CONSTANT_CONVERSION = YES;
				CLANG_WARN_DIRECT_OBJC_ISA_USAGE = YES_ERROR;
				CLANG_WARN_EMPTY_BODY = YES;
				CLANG_WARN_ENUM_CONVERSION = YES;
				CLANG_WARN_INT_CONVERSION = YES;
				CLANG_WARN_OBJC_ROOT_CLASS = YES_ERROR;
				CLANG_WARN_UNREACHABLE_CODE = YES;
				CLANG_WARN__DUPLICATE_METHOD_MATCH = YES;
				CODE_SIGN_IDENTITY = "-";
				COPY_PHASE_STRIP = NO;
				DEBUG_INFORMATION_FORMAT = dwarf;
				ENABLE_STRICT_OBJC_MSGSEND = YES;
				ENABLE_TESTABILITY = YES;
				GCC_C_LANGUAGE_STANDARD = gnu99;
				GCC_DYNAMIC_NO_PIC = NO;
				GCC_NO_COMMON_BLOCKS = YES;
				GCC_OPTIMIZATION_LEVEL = 0;
				GCC_PREPROCESSOR_DEFINITIONS = (
					"DEBUG=1",
					"$(inherited)",
				);
				GCC_WARN_64_TO_32_BIT_CONVERSION = YES;
				GCC_WARN_ABOUT_RETURN_TYPE = YES_ERROR;
				GCC_WARN_UNDECLARED_SELECTOR = YES;
				GCC_WARN_UNINITIALIZED_AUTOS = YES_AGGRESSIVE;
				GCC_WARN_UNUSED_FUNCTION = YES;
				GCC_WARN_UNUSED_VARIABLE = YES;
				MACOSX_DEPLOYMENT_TARGET = 10.11;
				MTL_ENABLE_DEBUG_INFO = YES;
				ONLY_ACTIVE_ARCH = YES;
				SDKROOT = macosx;
			};
			name = Debug;
		};
		911A3A951C8D67B200FF9DE5 /* Release */ = {
			isa = XCBuildConfiguration;
			buildSettings = {
				ALWAYS_SEARCH_USER_PATHS = NO;
				CLANG_CXX_LANGUAGE_STANDARD = "gnu++0x";
				CLANG_CXX_LIBRARY = "libc++";
				CLANG_ENABLE_MODULES = YES;
				CLANG_ENABLE_OBJC_ARC = YES;
				CLANG_WARN_BOOL_CONVERSION = YES;
				CLANG_WARN_CONSTANT_CONVERSION = YES;
				CLANG_WARN_DIRECT_OBJC_ISA_USAGE = YES_ERROR;
				CLANG_WARN_EMPTY_BODY = YES;
				CLANG_WARN_ENUM_CONVERSION = YES;
				CLANG_WARN_INT_CONVERSION = YES;
				CLANG_WARN_OBJC_ROOT_CLASS = YES_ERROR;
				CLANG_WARN_UNREACHABLE_CODE = YES;
				CLANG_WARN__DUPLICATE_METHOD_MATCH = YES;
				CODE_SIGN_IDENTITY = "-";
				COPY_PHASE_STRIP = NO;
				DEBUG_INFORMATION_FORMAT = "dwarf-with-dsym";
				ENABLE_NS_ASSERTIONS = NO;
				ENABLE_STRICT_OBJC_MSGSEND = YES;
				GCC_C_LANGUAGE_STANDARD = gnu99;
				GCC_NO_COMMON_BLOCKS = YES;
				GCC_WARN_64_TO_32_BIT_CONVERSION = YES;
				GCC_WARN_ABOUT_RETURN_TYPE = YES_ERROR;
				GCC_WARN_UNDECLARED_SELECTOR = YES;
				GCC_WARN_UNINITIALIZED_AUTOS = YES_AGGRESSIVE;
				GCC_WARN_UNUSED_FUNCTION = YES;
				GCC_WARN_UNUSED_VARIABLE = YES;
				MACOSX_DEPLOYMENT_TARGET = 10.11;
				MTL_ENABLE_DEBUG_INFO = NO;
				SDKROOT = macosx;
			};
			name = Release;
		};
		911A3A971C8D67B200FF9DE5 /* Debug */ = {
			isa = XCBuildConfiguration;
			buildSettings = {
				PRODUCT_NAME = "$(TARGET_NAME)";
			};
			name = Debug;
		};
		911A3A981C8D67B200FF9DE5 /* Release */ = {
			isa = XCBuildConfiguration;
			buildSettings = {
				PRODUCT_NAME = "$(TARGET_NAME)";
			};
			name = Release;
		};
/* End XCBuildConfiguration section */

/* Begin XCConfigurationList section */
		911A3A8A1C8D67B100FF9DE5 /* Build configuration list for PBXProject "CARecorder" */ = {
			isa = XCConfigurationList;
			buildConfigurations = (
				911A3A941C8D67B200FF9DE5 /* Debug */,
				911A3A951C8D67B200FF9DE5 /* Release */,
			);
			defaultConfigurationIsVisible = 0;
			defaultConfigurationName = Release;
		};
		911A3A961C8D67B200FF9DE5 /* Build configuration list for PBXNativeTarget "CARecorder" */ = {
			isa = XCConfigurationList;
			buildConfigurations = (
				911A3A971C8D67B200FF9DE5 /* Debug */,
				911A3A981C8D67B200FF9DE5 /* Release */,
			);
			defaultConfigurationIsVisible = 0;
		};
/* End XCConfigurationList section */
	};
	rootObject = 911A3A871C8D67B100FF9DE5 /* Project object */;
}
